
Microsoft Visual Studio Solution File, Format Version 12.00
# Visual Studio Version 17
VisualStudioVersion = 17.4.33110.190
MinimumVisualStudioVersion = 10.0.40219.1
Project("{FAE04EC0-301F-11D3-BF4B-00C04F79EFBC}") = "ProductManagementSystem", "ProductManagementSystem\ProductManagementSystem.csproj", "{21329247-4AD1-4CAD-9C09-6A941F8F8171}"
EndProject
Global
	GlobalSection(SolutionConfigurationPlatforms) = preSolution
		Debug|Any CPU = Debug|Any CPU
		Release|Any CPU = Release|Any CPU
	EndGlobalSection
	GlobalSection(ProjectConfigurationPlatforms) = postSolution
		{21329247-4AD1-4CAD-9C09-6A941F8F8171}.Debug|Any CPU.ActiveCfg = Debug|Any CPU
		{21329247-4AD1-4CAD-9C09-6A941F8F8171}.Debug|Any CPU.Build.0 = Debug|Any CPU
		{21329247-4AD1-4CAD-9C09-6A941F8F8171}.Release|Any CPU.ActiveCfg = Release|Any CPU
		{21329247-4AD1-4CAD-9C09-6A941F8F8171}.Release|Any CPU.Build.0 = Release|Any CPU
	EndGlobalSection
	GlobalSection(SolutionProperties) = preSolution
		HideSolutionNode = FALSE
	EndGlobalSection
	GlobalSection(ExtensibilityGlobals) = postSolution
		SolutionGuid = {9B9571EE-1377-4DD1-98CC-E186D51F7AF1}
	EndGlobalSection
EndGlobal
